
Microsoft Visual Studio Solution File, Format Version 12.00
# Visual Studio 14
VisualStudioVersion = 14.0.22609.0
MinimumVisualStudioVersion = 10.0.40219.1
Project("{FAE04EC0-301F-11D3-BF4B-00C04F79EFBC}") = "VirusFactory.Model", "VirusFactory.Model\VirusFactory.Model.csproj", "{33141081-7F2C-4995-AF60-57E4A86D46BE}"
EndProject
Project("{FAE04EC0-301F-11D3-BF4B-00C04F79EFBC}") = "VirusFactory.Console", "VirusFactory.Console\VirusFactory.Console.csproj", "{C308EF88-86B8-4CE5-A8CE-8C0761AA0CD0}"
EndProject
Project("{FAE04EC0-301F-11D3-BF4B-00C04F79EFBC}") = "VirusFactory.OpenTK", "VirusFactory.OpenTK\VirusFactory.OpenTK.csproj", "{07BFA80F-0C44-4CFF-93D9-64EAF9342EEE}"
EndProject
Global
	GlobalSection(SolutionConfigurationPlatforms) = preSolution
		Debug|Any CPU = Debug|Any CPU
		Release|Any CPU = Release|Any CPU
	EndGlobalSection
	GlobalSection(ProjectConfigurationPlatforms) = postSolution
		{33141081-7F2C-4995-AF60-57E4A86D46BE}.Debug|Any CPU.ActiveCfg = Debug|Any CPU
		{33141081-7F2C-4995-AF60-57E4A86D46BE}.Debug|Any CPU.Build.0 = Debug|Any CPU
		{33141081-7F2C-4995-AF60-57E4A86D46BE}.Release|Any CPU.ActiveCfg = Release|Any CPU
		{33141081-7F2C-4995-AF60-57E4A86D46BE}.Release|Any CPU.Build.0 = Release|Any CPU
		{C308EF88-86B8-4CE5-A8CE-8C0761AA0CD0}.Debug|Any CPU.ActiveCfg = Debug|Any CPU
		{C308EF88-86B8-4CE5-A8CE-8C0761AA0CD0}.Debug|Any CPU.Build.0 = Debug|Any CPU
		{C308EF88-86B8-4CE5-A8CE-8C0761AA0CD0}.Release|Any CPU.ActiveCfg = Release|Any CPU
		{C308EF88-86B8-4CE5-A8CE-8C0761AA0CD0}.Release|Any CPU.Build.0 = Release|Any CPU
		{07BFA80F-0C44-4CFF-93D9-64EAF9342EEE}.Debug|Any CPU.ActiveCfg = Debug|Any CPU
		{07BFA80F-0C44-4CFF-93D9-64EAF9342EEE}.Debug|Any CPU.Build.0 = Debug|Any CPU
		{07BFA80F-0C44-4CFF-93D9-64EAF9342EEE}.Release|Any CPU.ActiveCfg = Release|Any CPU
		{07BFA80F-0C44-4CFF-93D9-64EAF9342EEE}.Release|Any CPU.Build.0 = Release|Any CPU
	EndGlobalSection
	GlobalSection(SolutionProperties) = preSolution
		HideSolutionNode = FALSE
	EndGlobalSection
EndGlobal
